// !$*UTF8*$!
{
	archiveVersion = 1;
	classes = {
	};
	objectVersion = 46;
	objects = {

/* Begin PBXBuildFile section */
		70374945188B120C003FF5E5 /* DataPointModel.xcdatamodeld in Sources */ = {isa = PBXBuildFile; fileRef = 70374943188B120C003FF5E5 /* DataPointModel.xcdatamodeld */; };
		70374949188B1748003FF5E5 /* ConfigurationInfo.m in Sources */ = {isa = PBXBuildFile; fileRef = 70374948188B1748003FF5E5 /* ConfigurationInfo.m */; };
		70374952188B1748003FF5E5 /* NonPlayerDataPoint.m in Sources */ = {isa = PBXBuildFile; fileRef = 70374951188B1748003FF5E5 /* NonPlayerDataPoint.m */; };
		70AC364E188B6F7700F5A4AB /* PlayerDataPoint.m in Sources */ = {isa = PBXBuildFile; fileRef = 70AC364D188B6F7700F5A4AB /* PlayerDataPoint.m */; };
		70AC3651188B716100F5A4AB /* EventInfo.m in Sources */ = {isa = PBXBuildFile; fileRef = 70AC3650188B716100F5A4AB /* EventInfo.m */; };
		A5B50DB446B7403AA30CFDF3 /* libPods.a in Frameworks */ = {isa = PBXBuildFile; fileRef = B5EA3DFEADB045ACB4BDCDE3 /* libPods.a */; };
		C0A7D095BEBB02298FEEB9FE /* InfoPlist.strings in Resources */ = {isa = PBXBuildFile; fileRef = C0A7DBD81CB60F79171837CF /* InfoPlist.strings */; };
		C0A7D0E367BDBD7BE6190374 /* sidebar_icons.xcassets in Resources */ = {isa = PBXBuildFile; fileRef = C0A7DEADA312B9B093C0C5CE /* sidebar_icons.xcassets */; };
		C0A7D13EAFE13C2E44985456 /* InfoPlist.strings in Resources */ = {isa = PBXBuildFile; fileRef = C0A7D49388AC99ADFAA4BA2D /* InfoPlist.strings */; };
		C0A7D146807D5F2104557204 /* SideBarCell.m in Sources */ = {isa = PBXBuildFile; fileRef = C0A7D4A59676D4EA2D58D8CE /* SideBarCell.m */; };
		C0A7D15901A39E8C6D079AF0 /* AppDelegate.m in Sources */ = {isa = PBXBuildFile; fileRef = C0A7DA8B758F7FC926C8AFD1 /* AppDelegate.m */; };
		C0A7D217CFF3817925975C39 /* main.m in Sources */ = {isa = PBXBuildFile; fileRef = C0A7D24F6AEA3A3F51AE6E0D /* main.m */; };
		C0A7D30DEBDFD0652D77708D /* WebViewNativeViewController.m in Sources */ = {isa = PBXBuildFile; fileRef = C0A7D317F91624891E39F1AF /* WebViewNativeViewController.m */; };
		C0A7D44DDFC1A8AB8E0BBCB2 /* CoreGraphics.framework in Frameworks */ = {isa = PBXBuildFile; fileRef = C0A7D8BCC4D6017BCE881FB3 /* CoreGraphics.framework */; };
		C0A7D4542D6DB6FE25C0F29D /* WizardReviewPageViewController.m in Sources */ = {isa = PBXBuildFile; fileRef = C0A7D4F0EE780FDB40D32D83 /* WizardReviewPageViewController.m */; };
		C0A7D4E3E79C3CBCCCC84113 /* NativeViewController.m in Sources */ = {isa = PBXBuildFile; fileRef = C0A7D564B40010B7865BF891 /* NativeViewController.m */; };
		C0A7D4E89528D47218764144 /* CoreDataTableViewController.m in Sources */ = {isa = PBXBuildFile; fileRef = C0A7D3BB73D16D2C4BDFF1A2 /* CoreDataTableViewController.m */; };
		C0A7D5B61AC8DEB5B2453456 /* ios_hybridBaseTests.m in Sources */ = {isa = PBXBuildFile; fileRef = C0A7D4AA54CA36467949ECB7 /* ios_hybridBaseTests.m */; };
		C0A7D5F25D5D202250873A63 /* XCTest.framework in Frameworks */ = {isa = PBXBuildFile; fileRef = C0A7DF41A4593C82D6A257C7 /* XCTest.framework */; };
		C0A7D6F41D065E43B6823D03 /* WizardStudentCell.m in Sources */ = {isa = PBXBuildFile; fileRef = C0A7D2DC1AAB8470A3F59217 /* WizardStudentCell.m */; };
		C0A7D762C6EAE02FF1161DA7 /* UIKit.framework in Frameworks */ = {isa = PBXBuildFile; fileRef = C0A7D6464D9257F10C902664 /* UIKit.framework */; };
		C0A7D8DFD28F3FD77BF0BCF9 /* MainStoryboard_iPad.storyboard in Resources */ = {isa = PBXBuildFile; fileRef = C0A7D11B8BF0457F0E2FA414 /* MainStoryboard_iPad.storyboard */; };
		C0A7D90B172EFF57A8AF29E0 /* Foundation.framework in Frameworks */ = {isa = PBXBuildFile; fileRef = C0A7D823660D6B1462AF9388 /* Foundation.framework */; };
		C0A7D91158182F5BEB9779E2 /* WebViewController.m in Sources */ = {isa = PBXBuildFile; fileRef = C0A7D95086D4EB4C5B04DD4D /* WebViewController.m */; };
		C0A7D9AE25430BBEAD7C0B71 /* UIKit.framework in Frameworks */ = {isa = PBXBuildFile; fileRef = C0A7D6464D9257F10C902664 /* UIKit.framework */; };
		C0A7D9D7A29A01C1462B3F29 /* WizardClassCell.m in Sources */ = {isa = PBXBuildFile; fileRef = C0A7DDF63E46BB56CB10B92B /* WizardClassCell.m */; };
		C0A7DADFF16AC1843D529FE6 /* CoreData.framework in Frameworks */ = {isa = PBXBuildFile; fileRef = C0A7DACE31FFA4FCEFDBB4E5 /* CoreData.framework */; };
		C0A7DB9A2EBF3C70643283F7 /* WizardClassPageViewController.m in Sources */ = {isa = PBXBuildFile; fileRef = C0A7DB8CA4C3AE0723858138 /* WizardClassPageViewController.m */; };
		C0A7DC6E98D1E054B297701A /* webpage.html in Resources */ = {isa = PBXBuildFile; fileRef = C0A7D2CB21E34E4891208D73 /* webpage.html */; };
		C0A7DCC58409E2101AF3A9A6 /* UIWebView+TS_JavaScriptContext.m in Sources */ = {isa = PBXBuildFile; fileRef = C0A7D8D01E8CD212B2874584 /* UIWebView+TS_JavaScriptContext.m */; };
		C0A7DCCBE44EB975C4184AFF /* SidebarViewController.m in Sources */ = {isa = PBXBuildFile; fileRef = C0A7DDD2D1D8455DB8FB2788 /* SidebarViewController.m */; };
		C0A7DD9FBC22C78ECB57014B /* Foundation.framework in Frameworks */ = {isa = PBXBuildFile; fileRef = C0A7D823660D6B1462AF9388 /* Foundation.framework */; };
		C0A7DEA5C3235F1FB19F6782 /* JavaScriptCore.framework in Frameworks */ = {isa = PBXBuildFile; fileRef = C0A7DC3E15D5830ACB2339A1 /* JavaScriptCore.framework */; };
		C0A7DF3E970BDA3937DA02A2 /* Images.xcassets in Resources */ = {isa = PBXBuildFile; fileRef = C0A7D08E512E20F8732D8E0F /* Images.xcassets */; };
		C0A7DFADAF2647CA0DAF4A59 /* WizardStudentPageViewController.m in Sources */ = {isa = PBXBuildFile; fileRef = C0A7DB74F48F9280511DE841 /* WizardStudentPageViewController.m */; };
/* End PBXBuildFile section */

/* Begin PBXContainerItemProxy section */
		C0A7DA709B8434A09364EC74 /* PBXContainerItemProxy */ = {
			isa = PBXContainerItemProxy;
			containerPortal = C0A7DB46D58B15468BFECA42 /* Project object */;
			proxyType = 1;
			remoteGlobalIDString = C0A7D10E0309503D2B32A4C2;
			remoteInfo = "ios-hybridBase";
		};
/* End PBXContainerItemProxy section */

/* Begin PBXFileReference section */
		632D5998FFEF4A599C218C80 /* Pods.xcconfig */ = {isa = PBXFileReference; includeInIndex = 1; lastKnownFileType = text.xcconfig; name = Pods.xcconfig; path = Pods/Pods.xcconfig; sourceTree = "<group>"; };
		70374944188B120C003FF5E5 /* DataPointModel.xcdatamodel */ = {isa = PBXFileReference; lastKnownFileType = wrapper.xcdatamodel; path = DataPointModel.xcdatamodel; sourceTree = "<group>"; };
		70374946188B1721003FF5E5 /* default.xcdatamodel */ = {isa = PBXFileReference; lastKnownFileType = wrapper.xcdatamodel; path = default.xcdatamodel; sourceTree = "<group>"; };
		70374947188B1748003FF5E5 /* ConfigurationInfo.h */ = {isa = PBXFileReference; fileEncoding = 4; lastKnownFileType = sourcecode.c.h; path = ConfigurationInfo.h; sourceTree = "<group>"; };
		70374948188B1748003FF5E5 /* ConfigurationInfo.m */ = {isa = PBXFileReference; fileEncoding = 4; lastKnownFileType = sourcecode.c.objc; path = ConfigurationInfo.m; sourceTree = "<group>"; };
		70374950188B1748003FF5E5 /* NonPlayerDataPoint.h */ = {isa = PBXFileReference; fileEncoding = 4; lastKnownFileType = sourcecode.c.h; path = NonPlayerDataPoint.h; sourceTree = "<group>"; };
		70374951188B1748003FF5E5 /* NonPlayerDataPoint.m */ = {isa = PBXFileReference; fileEncoding = 4; lastKnownFileType = sourcecode.c.objc; path = NonPlayerDataPoint.m; sourceTree = "<group>"; };
		70AC364C188B6F7700F5A4AB /* PlayerDataPoint.h */ = {isa = PBXFileReference; fileEncoding = 4; lastKnownFileType = sourcecode.c.h; path = PlayerDataPoint.h; sourceTree = "<group>"; };
		70AC364D188B6F7700F5A4AB /* PlayerDataPoint.m */ = {isa = PBXFileReference; fileEncoding = 4; lastKnownFileType = sourcecode.c.objc; path = PlayerDataPoint.m; sourceTree = "<group>"; };
		70AC364F188B716100F5A4AB /* EventInfo.h */ = {isa = PBXFileReference; fileEncoding = 4; lastKnownFileType = sourcecode.c.h; path = EventInfo.h; sourceTree = "<group>"; };
		70AC3650188B716100F5A4AB /* EventInfo.m */ = {isa = PBXFileReference; fileEncoding = 4; lastKnownFileType = sourcecode.c.objc; path = EventInfo.m; sourceTree = "<group>"; };
		B5EA3DFEADB045ACB4BDCDE3 /* libPods.a */ = {isa = PBXFileReference; explicitFileType = archive.ar; includeInIndex = 0; path = libPods.a; sourceTree = BUILT_PRODUCTS_DIR; };
		C0A7D025B0879E2029FC2441 /* ios-hybridBase-Prefix.pch */ = {isa = PBXFileReference; lastKnownFileType = sourcecode.c.h; path = "ios-hybridBase-Prefix.pch"; sourceTree = "<group>"; };
		C0A7D08E512E20F8732D8E0F /* Images.xcassets */ = {isa = PBXFileReference; lastKnownFileType = folder.assetcatalog; path = Images.xcassets; sourceTree = "<group>"; };
		C0A7D0C1A647409BCB7C034A /* ios-hybridBase.app */ = {isa = PBXFileReference; explicitFileType = wrapper.application; includeInIndex = 0; path = "ios-hybridBase.app"; sourceTree = BUILT_PRODUCTS_DIR; };
		C0A7D11B8BF0457F0E2FA414 /* MainStoryboard_iPad.storyboard */ = {isa = PBXFileReference; lastKnownFileType = file.storyboard; path = MainStoryboard_iPad.storyboard; sourceTree = "<group>"; };
		C0A7D16F9D53FB04C09A5890 /* SideBarCell.h */ = {isa = PBXFileReference; fileEncoding = 4; lastKnownFileType = sourcecode.c.h; path = SideBarCell.h; sourceTree = "<group>"; };
		C0A7D24F6AEA3A3F51AE6E0D /* main.m */ = {isa = PBXFileReference; lastKnownFileType = sourcecode.c.objc; path = main.m; sourceTree = "<group>"; };
		C0A7D2CB21E34E4891208D73 /* webpage.html */ = {isa = PBXFileReference; fileEncoding = 12; lastKnownFileType = text.html; path = webpage.html; sourceTree = "<group>"; };
		C0A7D2DC1AAB8470A3F59217 /* WizardStudentCell.m */ = {isa = PBXFileReference; fileEncoding = 4; lastKnownFileType = sourcecode.c.objc; path = WizardStudentCell.m; sourceTree = "<group>"; };
		C0A7D317F91624891E39F1AF /* WebViewNativeViewController.m */ = {isa = PBXFileReference; fileEncoding = 4; lastKnownFileType = sourcecode.c.objc; path = WebViewNativeViewController.m; sourceTree = "<group>"; };
		C0A7D353722AB2C38C5E15B1 /* ios-hybridBaseTests-Info.plist */ = {isa = PBXFileReference; lastKnownFileType = text.plist.info; path = "ios-hybridBaseTests-Info.plist"; sourceTree = "<group>"; };
		C0A7D3BB73D16D2C4BDFF1A2 /* CoreDataTableViewController.m */ = {isa = PBXFileReference; fileEncoding = 4; lastKnownFileType = sourcecode.c.objc; path = CoreDataTableViewController.m; sourceTree = "<group>"; };
		C0A7D3ED30EE28585EABAF3F /* en */ = {isa = PBXFileReference; lastKnownFileType = text.plist.strings; name = en; path = en.lproj/InfoPlist.strings; sourceTree = "<group>"; };
		C0A7D4A59676D4EA2D58D8CE /* SideBarCell.m */ = {isa = PBXFileReference; fileEncoding = 4; lastKnownFileType = sourcecode.c.objc; path = SideBarCell.m; sourceTree = "<group>"; };
		C0A7D4AA54CA36467949ECB7 /* ios_hybridBaseTests.m */ = {isa = PBXFileReference; lastKnownFileType = sourcecode.c.objc; path = ios_hybridBaseTests.m; sourceTree = "<group>"; };
		C0A7D4B92E372E652E7DDFBF /* AppDelegate.h */ = {isa = PBXFileReference; lastKnownFileType = sourcecode.c.h; path = AppDelegate.h; sourceTree = "<group>"; };
		C0A7D4F0EE780FDB40D32D83 /* WizardReviewPageViewController.m */ = {isa = PBXFileReference; fileEncoding = 4; lastKnownFileType = sourcecode.c.objc; path = WizardReviewPageViewController.m; sourceTree = "<group>"; };
		C0A7D564B40010B7865BF891 /* NativeViewController.m */ = {isa = PBXFileReference; fileEncoding = 4; lastKnownFileType = sourcecode.c.objc; path = NativeViewController.m; sourceTree = "<group>"; };
		C0A7D5B713085FA565CEA493 /* WizardStudentPageViewController.h */ = {isa = PBXFileReference; fileEncoding = 4; lastKnownFileType = sourcecode.c.h; path = WizardStudentPageViewController.h; sourceTree = "<group>"; };
		C0A7D5C98EB2483751ACAEEC /* WizardReviewPageViewController.h */ = {isa = PBXFileReference; fileEncoding = 4; lastKnownFileType = sourcecode.c.h; path = WizardReviewPageViewController.h; sourceTree = "<group>"; };
		C0A7D6464D9257F10C902664 /* UIKit.framework */ = {isa = PBXFileReference; lastKnownFileType = wrapper.framework; name = UIKit.framework; path = System/Library/Frameworks/UIKit.framework; sourceTree = SDKROOT; };
		C0A7D67FB6B5043E6066CBB3 /* WizardStudentCell.h */ = {isa = PBXFileReference; fileEncoding = 4; lastKnownFileType = sourcecode.c.h; path = WizardStudentCell.h; sourceTree = "<group>"; };
		C0A7D70E4271EFF9C249BED2 /* WebViewController.h */ = {isa = PBXFileReference; fileEncoding = 4; lastKnownFileType = sourcecode.c.h; path = WebViewController.h; sourceTree = "<group>"; };
		C0A7D74EEE097CF81CC2144E /* SidebarViewController.h */ = {isa = PBXFileReference; fileEncoding = 4; lastKnownFileType = sourcecode.c.h; path = SidebarViewController.h; sourceTree = "<group>"; };
		C0A7D823660D6B1462AF9388 /* Foundation.framework */ = {isa = PBXFileReference; lastKnownFileType = wrapper.framework; name = Foundation.framework; path = System/Library/Frameworks/Foundation.framework; sourceTree = SDKROOT; };
		C0A7D833B9C324EC4C1AA654 /* WizardClassPageViewController.h */ = {isa = PBXFileReference; fileEncoding = 4; lastKnownFileType = sourcecode.c.h; path = WizardClassPageViewController.h; sourceTree = "<group>"; };
		C0A7D8B3A7BB2F1D877EE298 /* CoreDataTableViewController.h */ = {isa = PBXFileReference; fileEncoding = 4; lastKnownFileType = sourcecode.c.h; path = CoreDataTableViewController.h; sourceTree = "<group>"; };
		C0A7D8BCC4D6017BCE881FB3 /* CoreGraphics.framework */ = {isa = PBXFileReference; lastKnownFileType = wrapper.framework; name = CoreGraphics.framework; path = System/Library/Frameworks/CoreGraphics.framework; sourceTree = SDKROOT; };
		C0A7D8D01E8CD212B2874584 /* UIWebView+TS_JavaScriptContext.m */ = {isa = PBXFileReference; fileEncoding = 4; lastKnownFileType = sourcecode.c.objc; path = "UIWebView+TS_JavaScriptContext.m"; sourceTree = "<group>"; };
		C0A7D9334A00A298ACF155D9 /* en */ = {isa = PBXFileReference; lastKnownFileType = text.plist.strings; name = en; path = en.lproj/InfoPlist.strings; sourceTree = "<group>"; };
		C0A7D95086D4EB4C5B04DD4D /* WebViewController.m */ = {isa = PBXFileReference; fileEncoding = 4; lastKnownFileType = sourcecode.c.objc; path = WebViewController.m; sourceTree = "<group>"; };
		C0A7DA0771317AD76F405C38 /* ios-hybridBaseTests.xctest */ = {isa = PBXFileReference; explicitFileType = wrapper.cfbundle; includeInIndex = 0; path = "ios-hybridBaseTests.xctest"; sourceTree = BUILT_PRODUCTS_DIR; };
		C0A7DA8B758F7FC926C8AFD1 /* AppDelegate.m */ = {isa = PBXFileReference; lastKnownFileType = sourcecode.c.objc; path = AppDelegate.m; sourceTree = "<group>"; };
		C0A7DACE31FFA4FCEFDBB4E5 /* CoreData.framework */ = {isa = PBXFileReference; lastKnownFileType = wrapper.framework; name = CoreData.framework; path = System/Library/Frameworks/CoreData.framework; sourceTree = SDKROOT; };
		C0A7DB74F48F9280511DE841 /* WizardStudentPageViewController.m */ = {isa = PBXFileReference; fileEncoding = 4; lastKnownFileType = sourcecode.c.objc; path = WizardStudentPageViewController.m; sourceTree = "<group>"; };
		C0A7DB8CA4C3AE0723858138 /* WizardClassPageViewController.m */ = {isa = PBXFileReference; fileEncoding = 4; lastKnownFileType = sourcecode.c.objc; path = WizardClassPageViewController.m; sourceTree = "<group>"; };
		C0A7DBFDAA513F093FB3AC14 /* LoginDelegate.h */ = {isa = PBXFileReference; fileEncoding = 4; lastKnownFileType = sourcecode.c.h; path = LoginDelegate.h; sourceTree = "<group>"; };
		C0A7DC3E15D5830ACB2339A1 /* JavaScriptCore.framework */ = {isa = PBXFileReference; lastKnownFileType = wrapper.framework; name = JavaScriptCore.framework; path = System/Library/Frameworks/JavaScriptCore.framework; sourceTree = SDKROOT; };
		C0A7DC97F7FB6466207CD651 /* WebViewNativeViewController.h */ = {isa = PBXFileReference; fileEncoding = 4; lastKnownFileType = sourcecode.c.h; path = WebViewNativeViewController.h; sourceTree = "<group>"; };
		C0A7DCC7AD7CAA6EBE63519F /* UIWebView+TS_JavaScriptContext.h */ = {isa = PBXFileReference; fileEncoding = 4; lastKnownFileType = sourcecode.c.h; path = "UIWebView+TS_JavaScriptContext.h"; sourceTree = "<group>"; };
		C0A7DD25C98F5EE926CDE3A2 /* ios-hybridBase-Info.plist */ = {isa = PBXFileReference; lastKnownFileType = text.plist.info; path = "ios-hybridBase-Info.plist"; sourceTree = "<group>"; };
		C0A7DD2C85F1333F40442EB9 /* Constants.h */ = {isa = PBXFileReference; fileEncoding = 4; lastKnownFileType = sourcecode.c.h; path = Constants.h; sourceTree = "<group>"; };
		C0A7DDD2D1D8455DB8FB2788 /* SidebarViewController.m */ = {isa = PBXFileReference; fileEncoding = 4; lastKnownFileType = sourcecode.c.objc; path = SidebarViewController.m; sourceTree = "<group>"; };
		C0A7DDF63E46BB56CB10B92B /* WizardClassCell.m */ = {isa = PBXFileReference; fileEncoding = 4; lastKnownFileType = sourcecode.c.objc; path = WizardClassCell.m; sourceTree = "<group>"; };
		C0A7DE282ACF22600CCC8550 /* WizardClassCell.h */ = {isa = PBXFileReference; fileEncoding = 4; lastKnownFileType = sourcecode.c.h; path = WizardClassCell.h; sourceTree = "<group>"; };
		C0A7DE58084AF9E683E22E47 /* NativeViewController.h */ = {isa = PBXFileReference; fileEncoding = 4; lastKnownFileType = sourcecode.c.h; path = NativeViewController.h; sourceTree = "<group>"; };
		C0A7DEADA312B9B093C0C5CE /* sidebar_icons.xcassets */ = {isa = PBXFileReference; lastKnownFileType = folder.assetcatalog; path = sidebar_icons.xcassets; sourceTree = "<group>"; };
		C0A7DF41A4593C82D6A257C7 /* XCTest.framework */ = {isa = PBXFileReference; lastKnownFileType = wrapper.framework; name = XCTest.framework; path = Library/Frameworks/XCTest.framework; sourceTree = DEVELOPER_DIR; };
/* End PBXFileReference section */

/* Begin PBXFrameworksBuildPhase section */
		C0A7D18D602D2E7BA74005B6 /* Frameworks */ = {
			isa = PBXFrameworksBuildPhase;
			buildActionMask = 2147483647;
			files = (
				C0A7DD9FBC22C78ECB57014B /* Foundation.framework in Frameworks */,
				C0A7D44DDFC1A8AB8E0BBCB2 /* CoreGraphics.framework in Frameworks */,
				C0A7D9AE25430BBEAD7C0B71 /* UIKit.framework in Frameworks */,
				A5B50DB446B7403AA30CFDF3 /* libPods.a in Frameworks */,
				C0A7DADFF16AC1843D529FE6 /* CoreData.framework in Frameworks */,
				C0A7DEA5C3235F1FB19F6782 /* JavaScriptCore.framework in Frameworks */,
			);
			runOnlyForDeploymentPostprocessing = 0;
		};
		C0A7DC8571CF96DF28103702 /* Frameworks */ = {
			isa = PBXFrameworksBuildPhase;
			buildActionMask = 2147483647;
			files = (
				C0A7D5F25D5D202250873A63 /* XCTest.framework in Frameworks */,
				C0A7D90B172EFF57A8AF29E0 /* Foundation.framework in Frameworks */,
				C0A7D762C6EAE02FF1161DA7 /* UIKit.framework in Frameworks */,
			);
			runOnlyForDeploymentPostprocessing = 0;
		};
/* End PBXFrameworksBuildPhase section */

/* Begin PBXGroup section */
		C0A7D06BF0EFF1636AAD5916 /* Entity */ = {
			isa = PBXGroup;
			children = (
				70374943188B120C003FF5E5 /* DataPointModel.xcdatamodeld */,
				70AC364F188B716100F5A4AB /* EventInfo.h */,
				70AC3650188B716100F5A4AB /* EventInfo.m */,
				70AC364C188B6F7700F5A4AB /* PlayerDataPoint.h */,
				70AC364D188B6F7700F5A4AB /* PlayerDataPoint.m */,
				70374950188B1748003FF5E5 /* NonPlayerDataPoint.h */,
				70374951188B1748003FF5E5 /* NonPlayerDataPoint.m */,
				70374947188B1748003FF5E5 /* ConfigurationInfo.h */,
				70374948188B1748003FF5E5 /* ConfigurationInfo.m */,
			);
			path = Entity;
			sourceTree = "<group>";
		};
		C0A7D13F85A22B59AD3C6A5B /* Sidebar */ = {
			isa = PBXGroup;
			children = (
				C0A7D74EEE097CF81CC2144E /* SidebarViewController.h */,
				C0A7DDD2D1D8455DB8FB2788 /* SidebarViewController.m */,
				C0A7D16F9D53FB04C09A5890 /* SideBarCell.h */,
				C0A7D4A59676D4EA2D58D8CE /* SideBarCell.m */,
				C0A7D56533BEFBA96C8E1EC6 /* Tabs */,
			);
			path = Sidebar;
			sourceTree = "<group>";
		};
		C0A7D56533BEFBA96C8E1EC6 /* Tabs */ = {
			isa = PBXGroup;
			children = (
				C0A7DC97F7FB6466207CD651 /* WebViewNativeViewController.h */,
				C0A7D317F91624891E39F1AF /* WebViewNativeViewController.m */,
				C0A7DE58084AF9E683E22E47 /* NativeViewController.h */,
				C0A7D564B40010B7865BF891 /* NativeViewController.m */,
				C0A7D70E4271EFF9C249BED2 /* WebViewController.h */,
				C0A7D95086D4EB4C5B04DD4D /* WebViewController.m */,
			);
			path = Tabs;
			sourceTree = "<group>";
		};
		C0A7D58E5F86C3B50BDEDE98 /* Delegate */ = {
			isa = PBXGroup;
			children = (
				C0A7DBFDAA513F093FB3AC14 /* LoginDelegate.h */,
			);
			path = Delegate;
			sourceTree = "<group>";
		};
		C0A7D9145D25D848B2C684D5 /* Products */ = {
			isa = PBXGroup;
			children = (
				C0A7D0C1A647409BCB7C034A /* ios-hybridBase.app */,
				C0A7DA0771317AD76F405C38 /* ios-hybridBaseTests.xctest */,
			);
			name = Products;
			sourceTree = "<group>";
		};
		C0A7D985292C263DD6FDC43A /* ios-hybridBase */ = {
			isa = PBXGroup;
			children = (
				C0A7DFE0018EB19206C58561 /* Supporting Files */,
				C0A7D4B92E372E652E7DDFBF /* AppDelegate.h */,
				C0A7DA8B758F7FC926C8AFD1 /* AppDelegate.m */,
				C0A7D11B8BF0457F0E2FA414 /* MainStoryboard_iPad.storyboard */,
				C0A7DABD0F19F3C815432AFD /* Login */,
				C0A7D06BF0EFF1636AAD5916 /* Entity */,
				C0A7D13F85A22B59AD3C6A5B /* Sidebar */,
			);
			path = "ios-hybridBase";
			sourceTree = "<group>";
		};
		C0A7D994612BACDFE2F0A44C /* Frameworks */ = {
			isa = PBXGroup;
			children = (
				C0A7D823660D6B1462AF9388 /* Foundation.framework */,
				C0A7D8BCC4D6017BCE881FB3 /* CoreGraphics.framework */,
				C0A7D6464D9257F10C902664 /* UIKit.framework */,
				C0A7DF41A4593C82D6A257C7 /* XCTest.framework */,
				B5EA3DFEADB045ACB4BDCDE3 /* libPods.a */,
				C0A7DACE31FFA4FCEFDBB4E5 /* CoreData.framework */,
				C0A7DC3E15D5830ACB2339A1 /* JavaScriptCore.framework */,
			);
			name = Frameworks;
			sourceTree = "<group>";
		};
		C0A7DABD0F19F3C815432AFD /* Login */ = {
			isa = PBXGroup;
			children = (
				C0A7DB3478C1A4FEC947EFEF /* Wizard */,
				C0A7D58E5F86C3B50BDEDE98 /* Delegate */,
			);
			path = Login;
			sourceTree = "<group>";
		};
		C0A7DB3478C1A4FEC947EFEF /* Wizard */ = {
			isa = PBXGroup;
			children = (
				C0A7D8B3A7BB2F1D877EE298 /* CoreDataTableViewController.h */,
				C0A7D3BB73D16D2C4BDFF1A2 /* CoreDataTableViewController.m */,
				C0A7DE282ACF22600CCC8550 /* WizardClassCell.h */,
				C0A7DDF63E46BB56CB10B92B /* WizardClassCell.m */,
				C0A7D833B9C324EC4C1AA654 /* WizardClassPageViewController.h */,
				C0A7DB8CA4C3AE0723858138 /* WizardClassPageViewController.m */,
				C0A7D5C98EB2483751ACAEEC /* WizardReviewPageViewController.h */,
				C0A7D4F0EE780FDB40D32D83 /* WizardReviewPageViewController.m */,
				C0A7D67FB6B5043E6066CBB3 /* WizardStudentCell.h */,
				C0A7D2DC1AAB8470A3F59217 /* WizardStudentCell.m */,
				C0A7D5B713085FA565CEA493 /* WizardStudentPageViewController.h */,
				C0A7DB74F48F9280511DE841 /* WizardStudentPageViewController.m */,
			);
			path = Wizard;
			sourceTree = "<group>";
		};
		C0A7DCD55D97016220853AEB /* Other libs */ = {
			isa = PBXGroup;
			children = (
				C0A7DCC7AD7CAA6EBE63519F /* UIWebView+TS_JavaScriptContext.h */,
				C0A7D8D01E8CD212B2874584 /* UIWebView+TS_JavaScriptContext.m */,
			);
			name = "Other libs";
			sourceTree = "<group>";
		};
		C0A7DD78D7FB55A3D0ABA622 /* Supporting Files */ = {
			isa = PBXGroup;
			children = (
				C0A7D353722AB2C38C5E15B1 /* ios-hybridBaseTests-Info.plist */,
				C0A7DBD81CB60F79171837CF /* InfoPlist.strings */,
			);
			name = "Supporting Files";
			sourceTree = "<group>";
		};
		C0A7DDC333F84A9083701F71 /* ios-hybridBaseTests */ = {
			isa = PBXGroup;
			children = (
				C0A7DD78D7FB55A3D0ABA622 /* Supporting Files */,
				C0A7D4AA54CA36467949ECB7 /* ios_hybridBaseTests.m */,
			);
			path = "ios-hybridBaseTests";
			sourceTree = "<group>";
		};
		C0A7DEE2EAE2DEE47DF89728 = {
			isa = PBXGroup;
			children = (
				C0A7D9145D25D848B2C684D5 /* Products */,
				C0A7D994612BACDFE2F0A44C /* Frameworks */,
				C0A7D985292C263DD6FDC43A /* ios-hybridBase */,
				C0A7DDC333F84A9083701F71 /* ios-hybridBaseTests */,
				632D5998FFEF4A599C218C80 /* Pods.xcconfig */,
			);
			sourceTree = "<group>";
		};
		C0A7DFE0018EB19206C58561 /* Supporting Files */ = {
			isa = PBXGroup;
			children = (
				C0A7DD25C98F5EE926CDE3A2 /* ios-hybridBase-Info.plist */,
				C0A7D49388AC99ADFAA4BA2D /* InfoPlist.strings */,
				C0A7D24F6AEA3A3F51AE6E0D /* main.m */,
				C0A7D025B0879E2029FC2441 /* ios-hybridBase-Prefix.pch */,
				C0A7DD2C85F1333F40442EB9 /* Constants.h */,
				C0A7D2CB21E34E4891208D73 /* webpage.html */,
				C0A7D08E512E20F8732D8E0F /* Images.xcassets */,
				C0A7DEADA312B9B093C0C5CE /* sidebar_icons.xcassets */,
				C0A7DCD55D97016220853AEB /* Other libs */,
			);
			name = "Supporting Files";
			sourceTree = "<group>";
		};
/* End PBXGroup section */

/* Begin PBXNativeTarget section */
		C0A7D10E0309503D2B32A4C2 /* ios-hybridBase */ = {
			isa = PBXNativeTarget;
			buildConfigurationList = C0A7DB5BF2167A76A48117E7 /* Build configuration list for PBXNativeTarget "ios-hybridBase" */;
			buildPhases = (
				A549E1CEB424430A99372625 /* Check Pods Manifest.lock */,
				C0A7DD3AC7D13DCDFA61EEDC /* Sources */,
				C0A7D18D602D2E7BA74005B6 /* Frameworks */,
				C0A7D36E2CAC58ECC4D71A5A /* Resources */,
				3EA9FD658B184345AF09C1C7 /* Copy Pods Resources */,
			);
			buildRules = (
			);
			dependencies = (
			);
			name = "ios-hybridBase";
			productName = "ios-hybridBase";
			productReference = C0A7D0C1A647409BCB7C034A /* ios-hybridBase.app */;
			productType = "com.apple.product-type.application";
		};
		C0A7DB98EE780004926A6F54 /* ios-hybridBaseTests */ = {
			isa = PBXNativeTarget;
			buildConfigurationList = C0A7D69E082B944768B55BB8 /* Build configuration list for PBXNativeTarget "ios-hybridBaseTests" */;
			buildPhases = (
				C0A7DF0E7F46039A33C0B287 /* Sources */,
				C0A7DC8571CF96DF28103702 /* Frameworks */,
				C0A7DA4D5CD0575D331563CE /* Resources */,
			);
			buildRules = (
			);
			dependencies = (
				C0A7D37AAC456332276E84F3 /* PBXTargetDependency */,
			);
			name = "ios-hybridBaseTests";
			productName = "ios-hybridBaseTests";
			productReference = C0A7DA0771317AD76F405C38 /* ios-hybridBaseTests.xctest */;
			productType = "com.apple.product-type.bundle.unit-test";
		};
/* End PBXNativeTarget section */

/* Begin PBXProject section */
		C0A7DB46D58B15468BFECA42 /* Project object */ = {
			isa = PBXProject;
			attributes = {
				ORGANIZATIONNAME = "Anthony Perritano";
			};
			buildConfigurationList = C0A7DF1B6CBA1DFAD6BDB516 /* Build configuration list for PBXProject "ios-hybridBase" */;
			compatibilityVersion = "Xcode 3.2";
			developmentRegion = English;
			hasScannedForEncodings = 0;
			knownRegions = (
				en,
			);
			mainGroup = C0A7DEE2EAE2DEE47DF89728;
			productRefGroup = C0A7D9145D25D848B2C684D5 /* Products */;
			projectDirPath = "";
			projectRoot = "";
			targets = (
				C0A7D10E0309503D2B32A4C2 /* ios-hybridBase */,
				C0A7DB98EE780004926A6F54 /* ios-hybridBaseTests */,
			);
		};
/* End PBXProject section */

/* Begin PBXResourcesBuildPhase section */
		C0A7D36E2CAC58ECC4D71A5A /* Resources */ = {
			isa = PBXResourcesBuildPhase;
			buildActionMask = 2147483647;
			files = (
				C0A7D13EAFE13C2E44985456 /* InfoPlist.strings in Resources */,
				C0A7D8DFD28F3FD77BF0BCF9 /* MainStoryboard_iPad.storyboard in Resources */,
				C0A7DC6E98D1E054B297701A /* webpage.html in Resources */,
				C0A7DF3E970BDA3937DA02A2 /* Images.xcassets in Resources */,
				C0A7D0E367BDBD7BE6190374 /* sidebar_icons.xcassets in Resources */,
			);
			runOnlyForDeploymentPostprocessing = 0;
		};
		C0A7DA4D5CD0575D331563CE /* Resources */ = {
			isa = PBXResourcesBuildPhase;
			buildActionMask = 2147483647;
			files = (
				C0A7D095BEBB02298FEEB9FE /* InfoPlist.strings in Resources */,
			);
			runOnlyForDeploymentPostprocessing = 0;
		};
/* End PBXResourcesBuildPhase section */

/* Begin PBXShellScriptBuildPhase section */
		3EA9FD658B184345AF09C1C7 /* Copy Pods Resources */ = {
			isa = PBXShellScriptBuildPhase;
			buildActionMask = 2147483647;
			files = (
			);
			inputPaths = (
			);
			name = "Copy Pods Resources";
			outputPaths = (
			);
			runOnlyForDeploymentPostprocessing = 0;
			shellPath = /bin/sh;
			shellScript = "\"${SRCROOT}/Pods/Pods-resources.sh\"\n";
			showEnvVarsInLog = 0;
		};
		A549E1CEB424430A99372625 /* Check Pods Manifest.lock */ = {
			isa = PBXShellScriptBuildPhase;
			buildActionMask = 2147483647;
			files = (
			);
			inputPaths = (
			);
			name = "Check Pods Manifest.lock";
			outputPaths = (
			);
			runOnlyForDeploymentPostprocessing = 0;
			shellPath = /bin/sh;
			shellScript = "diff \"${PODS_ROOT}/../Podfile.lock\" \"${PODS_ROOT}/Manifest.lock\" > /dev/null\nif [[ $? != 0 ]] ; then\n    cat << EOM\nerror: The sandbox is not in sync with the Podfile.lock. Run 'pod install' or update your CocoaPods installation.\nEOM\n    exit 1\nfi\n";
			showEnvVarsInLog = 0;
		};
/* End PBXShellScriptBuildPhase section */

/* Begin PBXSourcesBuildPhase section */
		C0A7DD3AC7D13DCDFA61EEDC /* Sources */ = {
			isa = PBXSourcesBuildPhase;
			buildActionMask = 2147483647;
			files = (
				70374949188B1748003FF5E5 /* ConfigurationInfo.m in Sources */,
				C0A7D217CFF3817925975C39 /* main.m in Sources */,
				C0A7D15901A39E8C6D079AF0 /* AppDelegate.m in Sources */,
				70374952188B1748003FF5E5 /* NonPlayerDataPoint.m in Sources */,
				70AC3651188B716100F5A4AB /* EventInfo.m in Sources */,
				70374945188B120C003FF5E5 /* DataPointModel.xcdatamodeld in Sources */,
				C0A7DCCBE44EB975C4184AFF /* SidebarViewController.m in Sources */,
				C0A7D146807D5F2104557204 /* SideBarCell.m in Sources */,
				70AC364E188B6F7700F5A4AB /* PlayerDataPoint.m in Sources */,
				C0A7D4E89528D47218764144 /* CoreDataTableViewController.m in Sources */,
				C0A7D9D7A29A01C1462B3F29 /* WizardClassCell.m in Sources */,
				C0A7DB9A2EBF3C70643283F7 /* WizardClassPageViewController.m in Sources */,
				C0A7D4542D6DB6FE25C0F29D /* WizardReviewPageViewController.m in Sources */,
				C0A7D6F41D065E43B6823D03 /* WizardStudentCell.m in Sources */,
				C0A7DFADAF2647CA0DAF4A59 /* WizardStudentPageViewController.m in Sources */,
				C0A7D30DEBDFD0652D77708D /* WebViewNativeViewController.m in Sources */,
				C0A7D4E3E79C3CBCCCC84113 /* NativeViewController.m in Sources */,
				C0A7D91158182F5BEB9779E2 /* WebViewController.m in Sources */,
				C0A7DCC58409E2101AF3A9A6 /* UIWebView+TS_JavaScriptContext.m in Sources */,
			);
			runOnlyForDeploymentPostprocessing = 0;
		};
		C0A7DF0E7F46039A33C0B287 /* Sources */ = {
			isa = PBXSourcesBuildPhase;
			buildActionMask = 2147483647;
			files = (
				C0A7D5B61AC8DEB5B2453456 /* ios_hybridBaseTests.m in Sources */,
			);
			runOnlyForDeploymentPostprocessing = 0;
		};
/* End PBXSourcesBuildPhase section */

/* Begin PBXTargetDependency section */
		C0A7D37AAC456332276E84F3 /* PBXTargetDependency */ = {
			isa = PBXTargetDependency;
			target = C0A7D10E0309503D2B32A4C2 /* ios-hybridBase */;
			targetProxy = C0A7DA709B8434A09364EC74 /* PBXContainerItemProxy */;
		};
/* End PBXTargetDependency section */

/* Begin PBXVariantGroup section */
		C0A7D49388AC99ADFAA4BA2D /* InfoPlist.strings */ = {
			isa = PBXVariantGroup;
			children = (
				C0A7D9334A00A298ACF155D9 /* en */,
			);
			name = InfoPlist.strings;
			sourceTree = "<group>";
		};
		C0A7DBD81CB60F79171837CF /* InfoPlist.strings */ = {
			isa = PBXVariantGroup;
			children = (
				C0A7D3ED30EE28585EABAF3F /* en */,
			);
			name = InfoPlist.strings;
			sourceTree = "<group>";
		};
/* End PBXVariantGroup section */

/* Begin XCBuildConfiguration section */
		C0A7D04CA976182AF0BABAE6 /* Debug */ = {
			isa = XCBuildConfiguration;
			buildSettings = {
				ALWAYS_SEARCH_USER_PATHS = NO;
				ARCHS = "$(ARCHS_STANDARD_INCLUDING_64_BIT)";
				CLANG_CXX_LANGUAGE_STANDARD = "gnu++0x";
				CLANG_CXX_LIBRARY = "libc++";
				CLANG_ENABLE_MODULES = YES;
				CLANG_ENABLE_OBJC_ARC = YES;
				CLANG_WARN_BOOL_CONVERSION = YES;
				CLANG_WARN_CONSTANT_CONVERSION = YES;
				CLANG_WARN_DIRECT_OBJC_ISA_USAGE = YES_ERROR;
				CLANG_WARN_EMPTY_BODY = YES;
				CLANG_WARN_ENUM_CONVERSION = YES;
				CLANG_WARN_INT_CONVERSION = YES;
				CLANG_WARN_OBJC_ROOT_CLASS = YES_ERROR;
				CLANG_WARN__DUPLICATE_METHOD_MATCH = YES;
				"CODE_SIGN_IDENTITY[sdk=iphoneos*]" = "iPhone Developer";
				COPY_PHASE_STRIP = NO;
				GCC_C_LANGUAGE_STANDARD = gnu99;
				GCC_DYNAMIC_NO_PIC = NO;
				GCC_OPTIMIZATION_LEVEL = 0;
				GCC_PREPROCESSOR_DEFINITIONS = (
					"DEBUG=1",
					"$(inherited)",
				);
				GCC_SYMBOLS_PRIVATE_EXTERN = NO;
				GCC_WARN_64_TO_32_BIT_CONVERSION = YES;
				GCC_WARN_ABOUT_RETURN_TYPE = YES_ERROR;
				GCC_WARN_UNDECLARED_SELECTOR = YES;
				GCC_WARN_UNINITIALIZED_AUTOS = YES;
				GCC_WARN_UNUSED_FUNCTION = YES;
				GCC_WARN_UNUSED_VARIABLE = YES;
				IPHONEOS_DEPLOYMENT_TARGET = 7.0;
				ONLY_ACTIVE_ARCH = YES;
				OTHER_LDFLAGS = "-v";
				SDKROOT = iphoneos7.1;
				TARGETED_DEVICE_FAMILY = "1,2";
			};
			name = Debug;
		};
		C0A7D10BAE3BAC086AFD869C /* Release */ = {
			isa = XCBuildConfiguration;
			buildSettings = {
				FRAMEWORK_SEARCH_PATHS = (
					"$(SDKROOT)/Developer/Library/Frameworks",
					"$(inherited)",
				);
				GCC_PRECOMPILE_PREFIX_HEADER = YES;
				GCC_PREFIX_HEADER = "ios-hybridBase/ios-hybridBase-Prefix.pch";
				INFOPLIST_FILE = "ios-hybridBaseTests/ios-hybridBaseTests-Info.plist";
				PRODUCT_NAME = "$(TARGET_NAME)";
				WRAPPER_EXTENSION = xctest;
			};
			name = Release;
		};
		C0A7D2DB3D62845E2FE4E139 /* Release */ = {
			isa = XCBuildConfiguration;
			baseConfigurationReference = 632D5998FFEF4A599C218C80 /* Pods.xcconfig */;
			buildSettings = {
				ASSETCATALOG_COMPILER_APPICON_NAME = AppIcon;
				ASSETCATALOG_COMPILER_LAUNCHIMAGE_NAME = LaunchImage;
				GCC_PRECOMPILE_PREFIX_HEADER = YES;
				GCC_PREFIX_HEADER = "ios-hybridBase/ios-hybridBase-Prefix.pch";
				INFOPLIST_FILE = "ios-hybridBase/ios-hybridBase-Info.plist";
				PRODUCT_NAME = "$(TARGET_NAME)";
				USER_HEADER_SEARCH_PATHS = "\"${PROJECT_DIR}/Pods\"/**";
				WRAPPER_EXTENSION = app;
			};
			name = Release;
		};
		C0A7D3E83B3FEC5AB01D1F3D /* Release */ = {
			isa = XCBuildConfiguration;
			buildSettings = {
				ALWAYS_SEARCH_USER_PATHS = NO;
				ARCHS = "$(ARCHS_STANDARD_INCLUDING_64_BIT)";
				CLANG_CXX_LANGUAGE_STANDARD = "gnu++0x";
				CLANG_CXX_LIBRARY = "libc++";
				CLANG_ENABLE_MODULES = YES;
				CLANG_ENABLE_OBJC_ARC = YES;
				CLANG_WARN_BOOL_CONVERSION = YES;
				CLANG_WARN_CONSTANT_CONVERSION = YES;
				CLANG_WARN_DIRECT_OBJC_ISA_USAGE = YES_ERROR;
				CLANG_WARN_EMPTY_BODY = YES;
				CLANG_WARN_ENUM_CONVERSION = YES;
				CLANG_WARN_INT_CONVERSION = YES;
				CLANG_WARN_OBJC_ROOT_CLASS = YES_ERROR;
				CLANG_WARN__DUPLICATE_METHOD_MATCH = YES;
				"CODE_SIGN_IDENTITY[sdk=iphoneos*]" = "iPhone Developer";
				COPY_PHASE_STRIP = YES;
				ENABLE_NS_ASSERTIONS = NO;
				GCC_C_LANGUAGE_STANDARD = gnu99;
				GCC_WARN_64_TO_32_BIT_CONVERSION = YES;
				GCC_WARN_ABOUT_RETURN_TYPE = YES_ERROR;
				GCC_WARN_UNDECLARED_SELECTOR = YES;
				GCC_WARN_UNINITIALIZED_AUTOS = YES;
				GCC_WARN_UNUSED_FUNCTION = YES;
				GCC_WARN_UNUSED_VARIABLE = YES;
				IPHONEOS_DEPLOYMENT_TARGET = 7.0;
				OTHER_LDFLAGS = "-v";
				SDKROOT = iphoneos7.1;
				TARGETED_DEVICE_FAMILY = "1,2";
				VALIDATE_PRODUCT = YES;
			};
			name = Release;
		};
		C0A7D4E5BFEEE09F1D6B56A6 /* Debug */ = {
			isa = XCBuildConfiguration;
			buildSettings = {
				FRAMEWORK_SEARCH_PATHS = (
					"$(SDKROOT)/Developer/Library/Frameworks",
					"$(inherited)",
				);
				GCC_PRECOMPILE_PREFIX_HEADER = YES;
				GCC_PREFIX_HEADER = "ios-hybridBase/ios-hybridBase-Prefix.pch";
				INFOPLIST_FILE = "ios-hybridBaseTests/ios-hybridBaseTests-Info.plist";
				PRODUCT_NAME = "$(TARGET_NAME)";
				WRAPPER_EXTENSION = xctest;
			};
			name = Debug;
		};
		C0A7D7813BB677AE0C962C2A /* Debug */ = {
			isa = XCBuildConfiguration;
			baseConfigurationReference = 632D5998FFEF4A599C218C80 /* Pods.xcconfig */;
			buildSettings = {
				ASSETCATALOG_COMPILER_APPICON_NAME = AppIcon;
				ASSETCATALOG_COMPILER_LAUNCHIMAGE_NAME = LaunchImage;
				GCC_PRECOMPILE_PREFIX_HEADER = YES;
				GCC_PREFIX_HEADER = "ios-hybridBase/ios-hybridBase-Prefix.pch";
				INFOPLIST_FILE = "ios-hybridBase/ios-hybridBase-Info.plist";
				PRODUCT_NAME = "$(TARGET_NAME)";
				USER_HEADER_SEARCH_PATHS = "\"${PROJECT_DIR}/Pods\"/**";
				WRAPPER_EXTENSION = app;
			};
			name = Debug;
		};
/* End XCBuildConfiguration section */

/* Begin XCConfigurationList section */
		C0A7D69E082B944768B55BB8 /* Build configuration list for PBXNativeTarget "ios-hybridBaseTests" */ = {
			isa = XCConfigurationList;
			buildConfigurations = (
				C0A7D10BAE3BAC086AFD869C /* Release */,
				C0A7D4E5BFEEE09F1D6B56A6 /* Debug */,
			);
			defaultConfigurationIsVisible = 0;
			defaultConfigurationName = Release;
		};
		C0A7DB5BF2167A76A48117E7 /* Build configuration list for PBXNativeTarget "ios-hybridBase" */ = {
			isa = XCConfigurationList;
			buildConfigurations = (
				C0A7D2DB3D62845E2FE4E139 /* Release */,
				C0A7D7813BB677AE0C962C2A /* Debug */,
			);
			defaultConfigurationIsVisible = 0;
			defaultConfigurationName = Release;
		};
		C0A7DF1B6CBA1DFAD6BDB516 /* Build configuration list for PBXProject "ios-hybridBase" */ = {
			isa = XCConfigurationList;
			buildConfigurations = (
				C0A7D3E83B3FEC5AB01D1F3D /* Release */,
				C0A7D04CA976182AF0BABAE6 /* Debug */,
			);
			defaultConfigurationIsVisible = 0;
			defaultConfigurationName = Release;
		};
/* End XCConfigurationList section */

/* Begin XCVersionGroup section */
		70374943188B120C003FF5E5 /* DataPointModel.xcdatamodeld */ = {
			isa = XCVersionGroup;
			children = (
				70374946188B1721003FF5E5 /* default.xcdatamodel */,
				70374944188B120C003FF5E5 /* DataPointModel.xcdatamodel */,
			);
			currentVersion = 70374944188B120C003FF5E5 /* DataPointModel.xcdatamodel */;
			name = DataPointModel.xcdatamodeld;
			path = ../DataPointModel.xcdatamodeld;
			sourceTree = "<group>";
			versionGroupType = wrapper.xcdatamodel;
		};
/* End XCVersionGroup section */
	};
	rootObject = C0A7DB46D58B15468BFECA42 /* Project object */;
}
