PODS:
  - AFNetworking (2.1.0):
    - AFNetworking/NSURLConnection
    - AFNetworking/NSURLSession
    - AFNetworking/Reachability
    - AFNetworking/Security
    - AFNetworking/Serialization
    - AFNetworking/UIKit
  - AFNetworking/NSURLConnection (2.1.0):
    - AFNetworking/Reachability
    - AFNetworking/Security
    - AFNetworking/Serialization
  - AFNetworking/NSURLSession (2.1.0):
    - AFNetworking/NSURLConnection
  - AFNetworking/Reachability (2.1.0)
  - AFNetworking/Security (2.1.0)
  - AFNetworking/Serialization (2.1.0)
  - AFNetworking/UIKit (2.1.0):
    - AFNetworking/NSURLConnection
  - Reachability (3.1.1)
  - SBJson (4.0.0)
  - SWRevealViewController (1.1.1)
  - UIColor-Utilities (1.0.1)

DEPENDENCIES:
  - AFNetworking (~> 2.0)
  - Reachability
  - SBJson (~> 4.0.0)
  - SWRevealViewController
  - UIColor-Utilities

SPEC CHECKSUMS:
  AFNetworking: c7d7901a83f631414c7eda1737261f696101a5cd
  Reachability: be4883bb93f31e38266ae3365e5600a317aae735
  SBJson: eb157dce8146b188e6b63e8234065c9a5580b2c9
  SWRevealViewController: de412df00a42c2f90fde7f300de05c29e0cb7bf3
  UIColor-Utilities: a392783be1b72e5d5ad9ae450ef2280239441bc8

COCOAPODS: 0.29.0
